
Microsoft Visual Studio Solution File, Format Version 12.00
# Visual Studio Version 16
VisualStudioVersion = 16.0.29411.108
MinimumVisualStudioVersion = 10.0.40219.1
Project("{FAE04EC0-301F-11D3-BF4B-00C04F79EFBC}") = "SetTheoryAPI", "SetTheoryAPI\SetTheoryAPI.csproj", "{843FF576-82F4-467A-AF64-AB60A3DC3206}"
EndProject
Global
	GlobalSection(SolutionConfigurationPlatforms) = preSolution
		Debug|Any CPU = Debug|Any CPU
		Release|Any CPU = Release|Any CPU
	EndGlobalSection
	GlobalSection(ProjectConfigurationPlatforms) = postSolution
		{843FF576-82F4-467A-AF64-AB60A3DC3206}.Debug|Any CPU.ActiveCfg = Debug|Any CPU
		{843FF576-82F4-467A-AF64-AB60A3DC3206}.Debug|Any CPU.Build.0 = Debug|Any CPU
		{843FF576-82F4-467A-AF64-AB60A3DC3206}.Release|Any CPU.ActiveCfg = Release|Any CPU
		{843FF576-82F4-467A-AF64-AB60A3DC3206}.Release|Any CPU.Build.0 = Release|Any CPU
	EndGlobalSection
	GlobalSection(SolutionProperties) = preSolution
		HideSolutionNode = FALSE
	EndGlobalSection
	GlobalSection(ExtensibilityGlobals) = postSolution
		SolutionGuid = {0385E3BE-7FC2-4102-A8F3-824359E8486F}
	EndGlobalSection
EndGlobal
